
Microsoft Visual Studio Solution File, Format Version 12.00
# Visual Studio Version 16
VisualStudioVersion = 16.0.29905.134
MinimumVisualStudioVersion = 10.0.40219.1
Project("{FAE04EC0-301F-11D3-BF4B-00C04F79EFBC}") = "WebAppMvc2", "WebAppMvc2.csproj", "{3D2C8050-8C58-4174-9996-4DBA66B6CD85}"
EndProject
Global
	GlobalSection(SolutionConfigurationPlatforms) = preSolution
		Debug|Any CPU = Debug|Any CPU
		Release|Any CPU = Release|Any CPU
	EndGlobalSection
	GlobalSection(ProjectConfigurationPlatforms) = postSolution
		{3D2C8050-8C58-4174-9996-4DBA66B6CD85}.Debug|Any CPU.ActiveCfg = Debug|Any CPU
		{3D2C8050-8C58-4174-9996-4DBA66B6CD85}.Debug|Any CPU.Build.0 = Debug|Any CPU
		{3D2C8050-8C58-4174-9996-4DBA66B6CD85}.Release|Any CPU.ActiveCfg = Release|Any CPU
		{3D2C8050-8C58-4174-9996-4DBA66B6CD85}.Release|Any CPU.Build.0 = Release|Any CPU
	EndGlobalSection
	GlobalSection(SolutionProperties) = preSolution
		HideSolutionNode = FALSE
	EndGlobalSection
	GlobalSection(ExtensibilityGlobals) = postSolution
		SolutionGuid = {D56183AB-E50B-4090-9E1A-219186B313FB}
	EndGlobalSection
EndGlobal
